
Microsoft Visual Studio Solution File, Format Version 12.00
# Visual Studio 15
VisualStudioVersion = 15.0.27428.2015
MinimumVisualStudioVersion = 10.0.40219.1
Project("{FAE04EC0-301F-11D3-BF4B-00C04F79EFBC}") = "XoX_Oyunu2", "XoX_Oyunu2\XoX_Oyunu2.csproj", "{FD74B09A-2F84-4E36-AACA-9AE8C39AEAFF}"
EndProject
Global
	GlobalSection(SolutionConfigurationPlatforms) = preSolution
		Debug|Any CPU = Debug|Any CPU
		Release|Any CPU = Release|Any CPU
	EndGlobalSection
	GlobalSection(ProjectConfigurationPlatforms) = postSolution
		{FD74B09A-2F84-4E36-AACA-9AE8C39AEAFF}.Debug|Any CPU.ActiveCfg = Debug|Any CPU
		{FD74B09A-2F84-4E36-AACA-9AE8C39AEAFF}.Debug|Any CPU.Build.0 = Debug|Any CPU
		{FD74B09A-2F84-4E36-AACA-9AE8C39AEAFF}.Release|Any CPU.ActiveCfg = Release|Any CPU
		{FD74B09A-2F84-4E36-AACA-9AE8C39AEAFF}.Release|Any CPU.Build.0 = Release|Any CPU
	EndGlobalSection
	GlobalSection(SolutionProperties) = preSolution
		HideSolutionNode = FALSE
	EndGlobalSection
	GlobalSection(ExtensibilityGlobals) = postSolution
		SolutionGuid = {C0BE359E-C3F7-4310-A484-04F4581F2210}
	EndGlobalSection
EndGlobal
